Microsoft Visual Studio Solution File, Format Version 11.00
# Visual Studio 2008

Project("{9C08CF8B-3D37-3B65-A228-95887606BBD8}") = "SilenceOfTheGungans", "Assembly-CSharp-firstpass.csproj", "{E100B00B-AC8D-9056-15D1-E23AE41DC4C4}"
EndProject
Project("{9C08CF8B-3D37-3B65-A228-95887606BBD8}") = "SilenceOfTheGungans", "Assembly-CSharp.csproj", "{8FF2EFBA-45AC-F00C-3AC6-E3DBC9BD1BDD}"
EndProject
Project("{9C08CF8B-3D37-3B65-A228-95887606BBD8}") = "SilenceOfTheGungans", "Assembly-UnityScript.unityproj", "{018DEA87-0452-290D-D8F4-194AFB8BFC2D}"
EndProject
Global
	GlobalSection(SolutionConfigurationPlatforms) = preSolution
		Debug|Any CPU = Debug|Any CPU
		Release|Any CPU = Release|Any CPU
	EndGlobalSection
	GlobalSection(ProjectConfigurationPlatforms) = postSolution
		{E100B00B-AC8D-9056-15D1-E23AE41DC4C4}.Debug|Any CPU.ActiveCfg = Debug|Any CPU
		{E100B00B-AC8D-9056-15D1-E23AE41DC4C4}.Debug|Any CPU.Build.0 = Debug|Any CPU
		{E100B00B-AC8D-9056-15D1-E23AE41DC4C4}.Release|Any CPU.ActiveCfg = Release|Any CPU
		{E100B00B-AC8D-9056-15D1-E23AE41DC4C4}.Release|Any CPU.Build.0 = Release|Any CPU
		{8FF2EFBA-45AC-F00C-3AC6-E3DBC9BD1BDD}.Debug|Any CPU.ActiveCfg = Debug|Any CPU
		{8FF2EFBA-45AC-F00C-3AC6-E3DBC9BD1BDD}.Debug|Any CPU.Build.0 = Debug|Any CPU
		{8FF2EFBA-45AC-F00C-3AC6-E3DBC9BD1BDD}.Release|Any CPU.ActiveCfg = Release|Any CPU
		{8FF2EFBA-45AC-F00C-3AC6-E3DBC9BD1BDD}.Release|Any CPU.Build.0 = Release|Any CPU
		{018DEA87-0452-290D-D8F4-194AFB8BFC2D}.Debug|Any CPU.ActiveCfg = Debug|Any CPU
		{018DEA87-0452-290D-D8F4-194AFB8BFC2D}.Debug|Any CPU.Build.0 = Debug|Any CPU
		{018DEA87-0452-290D-D8F4-194AFB8BFC2D}.Release|Any CPU.ActiveCfg = Release|Any CPU
		{018DEA87-0452-290D-D8F4-194AFB8BFC2D}.Release|Any CPU.Build.0 = Release|Any CPU
	EndGlobalSection
	GlobalSection(SolutionProperties) = preSolution
		HideSolutionNode = FALSE
	EndGlobalSection
																														GlobalSection(MonoDevelopProperties) = preSolution
		StartupItem = Assembly-CSharp.csproj
		Policies = $0
		$0.TextStylePolicy = $1
		$1.inheritsSet = null
		$1.scope = text/x-csharp
		$0.CSharpFormattingPolicy = $2
		$2.inheritsSet = Mono
		$2.inheritsScope = text/x-csharp
		$2.scope = text/x-csharp
		$0.TextStylePolicy = $3
		$3.FileWidth = 120
		$3.TabWidth = 4
		$3.EolMarker = Unix
		$3.inheritsSet = Mono
		$3.inheritsScope = text/plain
		$3.scope = text/plain
	EndGlobalSection

EndGlobal
